
Microsoft Visual Studio Solution File, Format Version 12.00
# Visual Studio Version 17
VisualStudioVersion = 17.5.002.0
MinimumVisualStudioVersion = 10.0.40219.1
Project("{9A19103F-16F7-4668-BE54-9A1E7A4F7556}") = "Develop03", "Develop03.csproj", "{F1C5EE5E-D173-4098-BA10-EC2C88910B08}"
EndProject
Global
	GlobalSection(SolutionConfigurationPlatforms) = preSolution
		Debug|Any CPU = Debug|Any CPU
		Release|Any CPU = Release|Any CPU
	EndGlobalSection
	GlobalSection(ProjectConfigurationPlatforms) = postSolution
		{F1C5EE5E-D173-4098-BA10-EC2C88910B08}.Debug|Any CPU.ActiveCfg = Debug|Any CPU
		{F1C5EE5E-D173-4098-BA10-EC2C88910B08}.Debug|Any CPU.Build.0 = Debug|Any CPU
		{F1C5EE5E-D173-4098-BA10-EC2C88910B08}.Release|Any CPU.ActiveCfg = Release|Any CPU
		{F1C5EE5E-D173-4098-BA10-EC2C88910B08}.Release|Any CPU.Build.0 = Release|Any CPU
	EndGlobalSection
	GlobalSection(SolutionProperties) = preSolution
		HideSolutionNode = FALSE
	EndGlobalSection
	GlobalSection(ExtensibilityGlobals) = postSolution
		SolutionGuid = {810A0F13-F197-4C9F-B997-605B11466967}
	EndGlobalSection
EndGlobal
